
Microsoft Visual Studio Solution File, Format Version 12.00
# Visual Studio Version 16
VisualStudioVersion = 16.0.28803.156
MinimumVisualStudioVersion = 10.0.40219.1
Project("{888888A0-9F3D-457C-B088-3A5042F75D52}") = "Digital_Image_Processing", "Digital_Image_Processing.pyproj", "{98F0FC86-0D9C-4B6F-ADDB-39175C7BCD94}"
EndProject
Global
	GlobalSection(SolutionConfigurationPlatforms) = preSolution
		Debug|Any CPU = Debug|Any CPU
		Release|Any CPU = Release|Any CPU
	EndGlobalSection
	GlobalSection(ProjectConfigurationPlatforms) = postSolution
		{98F0FC86-0D9C-4B6F-ADDB-39175C7BCD94}.Debug|Any CPU.ActiveCfg = Debug|Any CPU
		{98F0FC86-0D9C-4B6F-ADDB-39175C7BCD94}.Release|Any CPU.ActiveCfg = Release|Any CPU
	EndGlobalSection
	GlobalSection(SolutionProperties) = preSolution
		HideSolutionNode = FALSE
	EndGlobalSection
	GlobalSection(ExtensibilityGlobals) = postSolution
		SolutionGuid = {1C05D845-CDAA-41A2-B955-35F1AB745AB6}
	EndGlobalSection
EndGlobal
